// !$*UTF8*$!
{
	archiveVersion = 1;
	classes = {
	};
	objectVersion = 56;
	objects = {

/* Begin PBXBuildFile section */
		BE0E56B229AC842600B31772 /* AppDelegate.swift in Sources */ = {isa = PBXBuildFile; fileRef = BE0E56B129AC842600B31772 /* AppDelegate.swift */; };
		BE0E56B429AC842600B31772 /* SceneDelegate.swift in Sources */ = {isa = PBXBuildFile; fileRef = BE0E56B329AC842600B31772 /* SceneDelegate.swift */; };
		BE0E56B629AC842600B31772 /* ViewController.swift in Sources */ = {isa = PBXBuildFile; fileRef = BE0E56B529AC842600B31772 /* ViewController.swift */; };
		BE0E56B929AC842600B31772 /* Main.storyboard in Resources */ = {isa = PBXBuildFile; fileRef = BE0E56B729AC842600B31772 /* Main.storyboard */; };
		BE0E56BB29AC842A00B31772 /* Assets.xcassets in Resources */ = {isa = PBXBuildFile; fileRef = BE0E56BA29AC842A00B31772 /* Assets.xcassets */; };
		BE0E56BE29AC842A00B31772 /* LaunchScreen.storyboard in Resources */ = {isa = PBXBuildFile; fileRef = BE0E56BC29AC842A00B31772 /* LaunchScreen.storyboard */; };
		BE0E56C629B6063500B31772 /* RandomImages.swift in Sources */ = {isa = PBXBuildFile; fileRef = BE0E56C529B6063500B31772 /* RandomImages.swift */; };
		BE0E56C829B6085E00B31772 /* WebService.swift in Sources */ = {isa = PBXBuildFile; fileRef = BE0E56C729B6085E00B31772 /* WebService.swift */; };
		BE0E56EC29B63B3D00B31772 /* TableViewCell.swift in Sources */ = {isa = PBXBuildFile; fileRef = BE0E56EB29B63B3D00B31772 /* TableViewCell.swift */; };
/* End PBXBuildFile section */

/* Begin PBXFileReference section */
		BE0E56AE29AC842600B31772 /* WantedMission-Concurrency.app */ = {isa = PBXFileReference; explicitFileType = wrapper.application; includeInIndex = 0; path = "WantedMission-Concurrency.app"; sourceTree = BUILT_PRODUCTS_DIR; };
		BE0E56B129AC842600B31772 /* AppDelegate.swift */ = {isa = PBXFileReference; lastKnownFileType = sourcecode.swift; path = AppDelegate.swift; sourceTree = "<group>"; };
		BE0E56B329AC842600B31772 /* SceneDelegate.swift */ = {isa = PBXFileReference; lastKnownFileType = sourcecode.swift; path = SceneDelegate.swift; sourceTree = "<group>"; };
		BE0E56B529AC842600B31772 /* ViewController.swift */ = {isa = PBXFileReference; lastKnownFileType = sourcecode.swift; path = ViewController.swift; sourceTree = "<group>"; };
		BE0E56B829AC842600B31772 /* Base */ = {isa = PBXFileReference; lastKnownFileType = file.storyboard; name = Base; path = Base.lproj/Main.storyboard; sourceTree = "<group>"; };
		BE0E56BA29AC842A00B31772 /* Assets.xcassets */ = {isa = PBXFileReference; lastKnownFileType = folder.assetcatalog; path = Assets.xcassets; sourceTree = "<group>"; };
		BE0E56BD29AC842A00B31772 /* Base */ = {isa = PBXFileReference; lastKnownFileType = file.storyboard; name = Base; path = Base.lproj/LaunchScreen.storyboard; sourceTree = "<group>"; };
		BE0E56BF29AC842A00B31772 /* Info.plist */ = {isa = PBXFileReference; lastKnownFileType = text.plist.xml; path = Info.plist; sourceTree = "<group>"; };
		BE0E56C529B6063500B31772 /* RandomImages.swift */ = {isa = PBXFileReference; lastKnownFileType = sourcecode.swift; path = RandomImages.swift; sourceTree = "<group>"; };
		BE0E56C729B6085E00B31772 /* WebService.swift */ = {isa = PBXFileReference; lastKnownFileType = sourcecode.swift; path = WebService.swift; sourceTree = "<group>"; };
		BE0E56EB29B63B3D00B31772 /* TableViewCell.swift */ = {isa = PBXFileReference; lastKnownFileType = sourcecode.swift; path = TableViewCell.swift; sourceTree = "<group>"; };
/* End PBXFileReference section */

/* Begin PBXFrameworksBuildPhase section */
		BE0E56AB29AC842600B31772 /* Frameworks */ = {
			isa = PBXFrameworksBuildPhase;
			buildActionMask = 2147483647;
			files = (
			);
			runOnlyForDeploymentPostprocessing = 0;
		};
/* End PBXFrameworksBuildPhase section */

/* Begin PBXGroup section */
		BE0E56A529AC842600B31772 = {
			isa = PBXGroup;
			children = (
				BE0E56B029AC842600B31772 /* WantedMission-Concurrency */,
				BE0E56AF29AC842600B31772 /* Products */,
			);
			sourceTree = "<group>";
		};
		BE0E56AF29AC842600B31772 /* Products */ = {
			isa = PBXGroup;
			children = (
				BE0E56AE29AC842600B31772 /* WantedMission-Concurrency.app */,
			);
			name = Products;
			sourceTree = "<group>";
		};
		BE0E56B029AC842600B31772 /* WantedMission-Concurrency */ = {
			isa = PBXGroup;
			children = (
				BE0E56C529B6063500B31772 /* RandomImages.swift */,
				BE0E56C729B6085E00B31772 /* WebService.swift */,
				BE0E56B129AC842600B31772 /* AppDelegate.swift */,
				BE0E56B329AC842600B31772 /* SceneDelegate.swift */,
				BE0E56B529AC842600B31772 /* ViewController.swift */,
				BE0E56EB29B63B3D00B31772 /* TableViewCell.swift */,
				BE0E56B729AC842600B31772 /* Main.storyboard */,
				BE0E56BA29AC842A00B31772 /* Assets.xcassets */,
				BE0E56BC29AC842A00B31772 /* LaunchScreen.storyboard */,
				BE0E56BF29AC842A00B31772 /* Info.plist */,
			);
			path = "WantedMission-Concurrency";
			sourceTree = "<group>";
		};
/* End PBXGroup section */

/* Begin PBXNativeTarget section */
		BE0E56AD29AC842600B31772 /* WantedMission-Concurrency */ = {
			isa = PBXNativeTarget;
			buildConfigurationList = BE0E56C229AC842A00B31772 /* Build configuration list for PBXNativeTarget "WantedMission-Concurrency" */;
			buildPhases = (
				BE0E56AA29AC842600B31772 /* Sources */,
				BE0E56AB29AC842600B31772 /* Frameworks */,
				BE0E56AC29AC842600B31772 /* Resources */,
			);
			buildRules = (
			);
			dependencies = (
			);
			name = "WantedMission-Concurrency";
			productName = "WantedMission-Concurrency";
			productReference = BE0E56AE29AC842600B31772 /* WantedMission-Concurrency.app */;
			productType = "com.apple.product-type.application";
		};
/* End PBXNativeTarget section */

/* Begin PBXProject section */
		BE0E56A629AC842600B31772 /* Project object */ = {
			isa = PBXProject;
			attributes = {
				BuildIndependentTargetsInParallel = 1;
				LastSwiftUpdateCheck = 1410;
				LastUpgradeCheck = 1410;
				TargetAttributes = {
					BE0E56AD29AC842600B31772 = {
						CreatedOnToolsVersion = 14.1;
					};
				};
			};
			buildConfigurationList = BE0E56A929AC842600B31772 /* Build configuration list for PBXProject "WantedMission-Concurrency" */;
			compatibilityVersion = "Xcode 14.0";
			developmentRegion = en;
			hasScannedForEncodings = 0;
			knownRegions = (
				en,
				Base,
			);
			mainGroup = BE0E56A529AC842600B31772;
			productRefGroup = BE0E56AF29AC842600B31772 /* Products */;
			projectDirPath = "";
			projectRoot = "";
			targets = (
				BE0E56AD29AC842600B31772 /* WantedMission-Concurrency */,
			);
		};
/* End PBXProject section */

/* Begin PBXResourcesBuildPhase section */
		BE0E56AC29AC842600B31772 /* Resources */ = {
			isa = PBXResourcesBuildPhase;
			buildActionMask = 2147483647;
			files = (
				BE0E56BE29AC842A00B31772 /* LaunchScreen.storyboard in Resources */,
				BE0E56BB29AC842A00B31772 /* Assets.xcassets in Resources */,
				BE0E56B929AC842600B31772 /* Main.storyboard in Resources */,
			);
			runOnlyForDeploymentPostprocessing = 0;
		};
/* End PBXResourcesBuildPhase section */

/* Begin PBXSourcesBuildPhase section */
		BE0E56AA29AC842600B31772 /* Sources */ = {
			isa = PBXSourcesBuildPhase;
			buildActionMask = 2147483647;
			files = (
				BE0E56C829B6085E00B31772 /* WebService.swift in Sources */,
				BE0E56C629B6063500B31772 /* RandomImages.swift in Sources */,
				BE0E56B629AC842600B31772 /* ViewController.swift in Sources */,
				BE0E56B229AC842600B31772 /* AppDelegate.swift in Sources */,
				BE0E56B429AC842600B31772 /* SceneDelegate.swift in Sources */,
				BE0E56EC29B63B3D00B31772 /* TableViewCell.swift in Sources */,
			);
			runOnlyForDeploymentPostprocessing = 0;
		};
/* End PBXSourcesBuildPhase section */

/* Begin PBXVariantGroup section */
		BE0E56B729AC842600B31772 /* Main.storyboard */ = {
			isa = PBXVariantGroup;
			children = (
				BE0E56B829AC842600B31772 /* Base */,
			);
			name = Main.storyboard;
			sourceTree = "<group>";
		};
		BE0E56BC29AC842A00B31772 /* LaunchScreen.storyboard */ = {
			isa = PBXVariantGroup;
			children = (
				BE0E56BD29AC842A00B31772 /* Base */,
			);
			name = LaunchScreen.storyboard;
			sourceTree = "<group>";
		};
/* End PBXVariantGroup section */

/* Begin XCBuildConfiguration section */
		BE0E56C029AC842A00B31772 /* Debug */ = {
			isa = XCBuildConfiguration;
			buildSettings = {
				ALWAYS_SEARCH_USER_PATHS = NO;
				CLANG_ANALYZER_NONNULL = YES;
				CLANG_ANALYZER_NUMBER_OBJECT_CONVERSION = YES_AGGRESSIVE;
				CLANG_CXX_LANGUAGE_STANDARD = "gnu++20";
				CLANG_ENABLE_MODULES = YES;
				CLANG_ENABLE_OBJC_ARC = YES;
				CLANG_ENABLE_OBJC_WEAK = YES;
				CLANG_WARN_BLOCK_CAPTURE_AUTORELEASING = YES;
				CLANG_WARN_BOOL_CONVERSION = YES;
				CLANG_WARN_COMMA = YES;
				CLANG_WARN_CONSTANT_CONVERSION = YES;
				CLANG_WARN_DEPRECATED_OBJC_IMPLEMENTATIONS = YES;
				CLANG_WARN_DIRECT_OBJC_ISA_USAGE = YES_ERROR;
				CLANG_WARN_DOCUMENTATION_COMMENTS = YES;
				CLANG_WARN_EMPTY_BODY = YES;
				CLANG_WARN_ENUM_CONVERSION = YES;
				CLANG_WARN_INFINITE_RECURSION = YES;
				CLANG_WARN_INT_CONVERSION = YES;
				CLANG_WARN_NON_LITERAL_NULL_CONVERSION = YES;
				CLANG_WARN_OBJC_IMPLICIT_RETAIN_SELF = YES;
				CLANG_WARN_OBJC_LITERAL_CONVERSION = YES;
				CLANG_WARN_OBJC_ROOT_CLASS = YES_ERROR;
				CLANG_WARN_QUOTED_INCLUDE_IN_FRAMEWORK_HEADER = YES;
				CLANG_WARN_RANGE_LOOP_ANALYSIS = YES;
				CLANG_WARN_STRICT_PROTOTYPES = YES;
				CLANG_WARN_SUSPICIOUS_MOVE = YES;
				CLANG_WARN_UNGUARDED_AVAILABILITY = YES_AGGRESSIVE;
				CLANG_WARN_UNREACHABLE_CODE = YES;
				CLANG_WARN__DUPLICATE_METHOD_MATCH = YES;
				COPY_PHASE_STRIP = NO;
				DEBUG_INFORMATION_FORMAT = dwarf;
				ENABLE_STRICT_OBJC_MSGSEND = YES;
				ENABLE_TESTABILITY = YES;
				GCC_C_LANGUAGE_STANDARD = gnu11;
				GCC_DYNAMIC_NO_PIC = NO;
				GCC_NO_COMMON_BLOCKS = YES;
				GCC_OPTIMIZATION_LEVEL = 0;
				GCC_PREPROCESSOR_DEFINITIONS = (
					"DEBUG=1",
					"$(inherited)",
				);
				GCC_WARN_64_TO_32_BIT_CONVERSION = YES;
				GCC_WARN_ABOUT_RETURN_TYPE = YES_ERROR;
				GCC_WARN_UNDECLARED_SELECTOR = YES;
				GCC_WARN_UNINITIALIZED_AUTOS = YES_AGGRESSIVE;
				GCC_WARN_UNUSED_FUNCTION = YES;
				GCC_WARN_UNUSED_VARIABLE = YES;
				IPHONEOS_DEPLOYMENT_TARGET = 16.1;
				MTL_ENABLE_DEBUG_INFO = INCLUDE_SOURCE;
				MTL_FAST_MATH = YES;
				ONLY_ACTIVE_ARCH = YES;
				SDKROOT = iphoneos;
				SWIFT_ACTIVE_COMPILATION_CONDITIONS = DEBUG;
				SWIFT_OPTIMIZATION_LEVEL = "-Onone";
			};
			name = Debug;
		};
		BE0E56C129AC842A00B31772 /* Release */ = {
			isa = XCBuildConfiguration;
			buildSettings = {
				ALWAYS_SEARCH_USER_PATHS = NO;
				CLANG_ANALYZER_NONNULL = YES;
				CLANG_ANALYZER_NUMBER_OBJECT_CONVERSION = YES_AGGRESSIVE;
				CLANG_CXX_LANGUAGE_STANDARD = "gnu++20";
				CLANG_ENABLE_MODULES = YES;
				CLANG_ENABLE_OBJC_ARC = YES;
				CLANG_ENABLE_OBJC_WEAK = YES;
				CLANG_WARN_BLOCK_CAPTURE_AUTORELEASING = YES;
				CLANG_WARN_BOOL_CONVERSION = YES;
				CLANG_WARN_COMMA = YES;
				CLANG_WARN_CONSTANT_CONVERSION = YES;
				CLANG_WARN_DEPRECATED_OBJC_IMPLEMENTATIONS = YES;
				CLANG_WARN_DIRECT_OBJC_ISA_USAGE = YES_ERROR;
				CLANG_WARN_DOCUMENTATION_COMMENTS = YES;
				CLANG_WARN_EMPTY_BODY = YES;
				CLANG_WARN_ENUM_CONVERSION = YES;
				CLANG_WARN_INFINITE_RECURSION = YES;
				CLANG_WARN_INT_CONVERSION = YES;
				CLANG_WARN_NON_LITERAL_NULL_CONVERSION = YES;
				CLANG_WARN_OBJC_IMPLICIT_RETAIN_SELF = YES;
				CLANG_WARN_OBJC_LITERAL_CONVERSION = YES;
				CLANG_WARN_OBJC_ROOT_CLASS = YES_ERROR;
				CLANG_WARN_QUOTED_INCLUDE_IN_FRAMEWORK_HEADER = YES;
				CLANG_WARN_RANGE_LOOP_ANALYSIS = YES;
				CLANG_WARN_STRICT_PROTOTYPES = YES;
				CLANG_WARN_SUSPICIOUS_MOVE = YES;
				CLANG_WARN_UNGUARDED_AVAILABILITY = YES_AGGRESSIVE;
				CLANG_WARN_UNREACHABLE_CODE = YES;
				CLANG_WARN__DUPLICATE_METHOD_MATCH = YES;
				COPY_PHASE_STRIP = NO;
				DEBUG_INFORMATION_FORMAT = "dwarf-with-dsym";
				ENABLE_NS_ASSERTIONS = NO;
				ENABLE_STRICT_OBJC_MSGSEND = YES;
				GCC_C_LANGUAGE_STANDARD = gnu11;
				GCC_NO_COMMON_BLOCKS = YES;
				GCC_WARN_64_TO_32_BIT_CONVERSION = YES;
				GCC_WARN_ABOUT_RETURN_TYPE = YES_ERROR;
				GCC_WARN_UNDECLARED_SELECTOR = YES;
				GCC_WARN_UNINITIALIZED_AUTOS = YES_AGGRESSIVE;
				GCC_WARN_UNUSED_FUNCTION = YES;
				GCC_WARN_UNUSED_VARIABLE = YES;
				IPHONEOS_DEPLOYMENT_TARGET = 16.1;
				MTL_ENABLE_DEBUG_INFO = NO;
				MTL_FAST_MATH = YES;
				SDKROOT = iphoneos;
				SWIFT_COMPILATION_MODE = wholemodule;
				SWIFT_OPTIMIZATION_LEVEL = "-O";
				VALIDATE_PRODUCT = YES;
			};
			name = Release;
		};
		BE0E56C329AC842A00B31772 /* Debug */ = {
			isa = XCBuildConfiguration;
			buildSettings = {
				ASSETCATALOG_COMPILER_APPICON_NAME = AppIcon;
				ASSETCATALOG_COMPILER_GLOBAL_ACCENT_COLOR_NAME = AccentColor;
				CODE_SIGN_STYLE = Automatic;
				CURRENT_PROJECT_VERSION = 1;
				DEVELOPMENT_TEAM = 5VQ9DRSPK5;
				GENERATE_INFOPLIST_FILE = YES;
				INFOPLIST_FILE = "WantedMission-Concurrency/Info.plist";
				INFOPLIST_KEY_UIApplicationSupportsIndirectInputEvents = YES;
				INFOPLIST_KEY_UILaunchStoryboardName = LaunchScreen;
				INFOPLIST_KEY_UIMainStoryboardFile = Main;
				INFOPLIST_KEY_UISupportedInterfaceOrientations_iPad = "UIInterfaceOrientationPortrait UIInterfaceOrientationPortraitUpsideDown UIInterfaceOrientationLandscapeLeft UIInterfaceOrientationLandscapeRight";
				INFOPLIST_KEY_UISupportedInterfaceOrientations_iPhone = "UIInterfaceOrientationPortrait UIInterfaceOrientationLandscapeLeft UIInterfaceOrientationLandscapeRight";
				LD_RUNPATH_SEARCH_PATHS = (
					"$(inherited)",
					"@executable_path/Frameworks",
				);
				MARKETING_VERSION = 1.0;
				PRODUCT_BUNDLE_IDENTIFIER = "dw0124.WantedMission-Concurrency";
				PRODUCT_NAME = "$(TARGET_NAME)";
				SWIFT_EMIT_LOC_STRINGS = YES;
				SWIFT_VERSION = 5.0;
				TARGETED_DEVICE_FAMILY = "1,2";
			};
			name = Debug;
		};
		BE0E56C429AC842A00B31772 /* Release */ = {
			isa = XCBuildConfiguration;
			buildSettings = {
				ASSETCATALOG_COMPILER_APPICON_NAME = AppIcon;
				ASSETCATALOG_COMPILER_GLOBAL_ACCENT_COLOR_NAME = AccentColor;
				CODE_SIGN_STYLE = Automatic;
				CURRENT_PROJECT_VERSION = 1;
				DEVELOPMENT_TEAM = 5VQ9DRSPK5;
				GENERATE_INFOPLIST_FILE = YES;
				INFOPLIST_FILE = "WantedMission-Concurrency/Info.plist";
				INFOPLIST_KEY_UIApplicationSupportsIndirectInputEvents = YES;
				INFOPLIST_KEY_UILaunchStoryboardName = LaunchScreen;
				INFOPLIST_KEY_UIMainStoryboardFile = Main;
				INFOPLIST_KEY_UISupportedInterfaceOrientations_iPad = "UIInterfaceOrientationPortrait UIInterfaceOrientationPortraitUpsideDown UIInterfaceOrientationLandscapeLeft UIInterfaceOrientationLandscapeRight";
				INFOPLIST_KEY_UISupportedInterfaceOrientations_iPhone = "UIInterfaceOrientationPortrait UIInterfaceOrientationLandscapeLeft UIInterfaceOrientationLandscapeRight";
				LD_RUNPATH_SEARCH_PATHS = (
					"$(inherited)",
					"@executable_path/Frameworks",
				);
				MARKETING_VERSION = 1.0;
				PRODUCT_BUNDLE_IDENTIFIER = "dw0124.WantedMission-Concurrency";
				PRODUCT_NAME = "$(TARGET_NAME)";
				SWIFT_EMIT_LOC_STRINGS = YES;
				SWIFT_VERSION = 5.0;
				TARGETED_DEVICE_FAMILY = "1,2";
			};
			name = Release;
		};
/* End XCBuildConfiguration section */

/* Begin XCConfigurationList section */
		BE0E56A929AC842600B31772 /* Build configuration list for PBXProject "WantedMission-Concurrency" */ = {
			isa = XCConfigurationList;
			buildConfigurations = (
				BE0E56C029AC842A00B31772 /* Debug */,
				BE0E56C129AC842A00B31772 /* Release */,
			);
			defaultConfigurationIsVisible = 0;
			defaultConfigurationName = Release;
		};
		BE0E56C229AC842A00B31772 /* Build configuration list for PBXNativeTarget "WantedMission-Concurrency" */ = {
			isa = XCConfigurationList;
			buildConfigurations = (
				BE0E56C329AC842A00B31772 /* Debug */,
				BE0E56C429AC842A00B31772 /* Release */,
			);
			defaultConfigurationIsVisible = 0;
			defaultConfigurationName = Release;
		};
/* End XCConfigurationList section */
	};
	rootObject = BE0E56A629AC842600B31772 /* Project object */;
}
